
Microsoft Visual Studio Solution File, Format Version 11.00
# Visual Studio 2010
Project("{FAE04EC0-301F-11D3-BF4B-00C04F79EFBC}") = "Assembly-CSharp", "Assembly-CSharp.csproj", "{1a6a40cb-dcc2-1b40-e456-2859d8b84a5c}"
EndProject
Project("{FAE04EC0-301F-11D3-BF4B-00C04F79EFBC}") = "Assembly-CSharp-Editor", "Assembly-CSharp-Editor.csproj", "{61d33d89-8537-8e04-5c8f-a8ca8390588e}"
EndProject
Global
	GlobalSection(SolutionConfigurationPlatforms) = preSolution
		Debug|Any CPU = Debug|Any CPU
	EndGlobalSection
	GlobalSection(ProjectConfigurationPlatforms) = postSolution
		{1a6a40cb-dcc2-1b40-e456-2859d8b84a5c}.Debug|Any CPU.ActiveCfg = Debug|Any CPU
		{1a6a40cb-dcc2-1b40-e456-2859d8b84a5c}.Debug|Any CPU.Build.0 = Debug|Any CPU
		{61d33d89-8537-8e04-5c8f-a8ca8390588e}.Debug|Any CPU.ActiveCfg = Debug|Any CPU
		{61d33d89-8537-8e04-5c8f-a8ca8390588e}.Debug|Any CPU.Build.0 = Debug|Any CPU
	EndGlobalSection
	GlobalSection(SolutionProperties) = preSolution
		HideSolutionNode = FALSE
	EndGlobalSection
EndGlobal
