
Microsoft Visual Studio Solution File, Format Version 12.00
# Visual Studio 15
Project("{FAE04EC0-301F-11D3-BF4B-00C04F79EFBC}") = "Assembly-CSharp", "Assembly-CSharp.csproj", "{CB406A1A-C2DC-401B-E456-2859D8B84A5C}"
EndProject
Project("{FAE04EC0-301F-11D3-BF4B-00C04F79EFBC}") = "Assembly-CSharp-Editor", "Assembly-CSharp-Editor.csproj", "{893DD361-3785-048E-5C8F-A8CA8390588E}"
EndProject
Global
	GlobalSection(SolutionConfigurationPlatforms) = preSolution
		Debug|Any CPU = Debug|Any CPU
		Release|Any CPU = Release|Any CPU
	EndGlobalSection
	GlobalSection(ProjectConfigurationPlatforms) = postSolution
		{CB406A1A-C2DC-401B-E456-2859D8B84A5C}.Debug|Any CPU.ActiveCfg = Debug|Any CPU
		{CB406A1A-C2DC-401B-E456-2859D8B84A5C}.Debug|Any CPU.Build.0 = Debug|Any CPU
		{CB406A1A-C2DC-401B-E456-2859D8B84A5C}.Release|Any CPU.ActiveCfg = Release|Any CPU
		{CB406A1A-C2DC-401B-E456-2859D8B84A5C}.Release|Any CPU.Build.0 = Release|Any CPU
		{893DD361-3785-048E-5C8F-A8CA8390588E}.Debug|Any CPU.ActiveCfg = Debug|Any CPU
		{893DD361-3785-048E-5C8F-A8CA8390588E}.Debug|Any CPU.Build.0 = Debug|Any CPU
		{893DD361-3785-048E-5C8F-A8CA8390588E}.Release|Any CPU.ActiveCfg = Release|Any CPU
		{893DD361-3785-048E-5C8F-A8CA8390588E}.Release|Any CPU.Build.0 = Release|Any CPU
	EndGlobalSection
	GlobalSection(SolutionProperties) = preSolution
		HideSolutionNode = FALSE
	EndGlobalSection
EndGlobal
